
Microsoft Visual Studio Solution File, Format Version 12.00
# Visual Studio 15
VisualStudioVersion = 15.0.27130.2003
MinimumVisualStudioVersion = 10.0.40219.1
Project("{FAE04EC0-301F-11D3-BF4B-00C04F79EFBC}") = "Davechat", "Davechat\Davechat.csproj", "{CF72B5B8-D67A-4A14-96EF-B0CBC741A425}"
EndProject
Global
	GlobalSection(SolutionConfigurationPlatforms) = preSolution
		Debug|Any CPU = Debug|Any CPU
		Release|Any CPU = Release|Any CPU
	EndGlobalSection
	GlobalSection(ProjectConfigurationPlatforms) = postSolution
		{CF72B5B8-D67A-4A14-96EF-B0CBC741A425}.Debug|Any CPU.ActiveCfg = Debug|Any CPU
		{CF72B5B8-D67A-4A14-96EF-B0CBC741A425}.Debug|Any CPU.Build.0 = Debug|Any CPU
		{CF72B5B8-D67A-4A14-96EF-B0CBC741A425}.Release|Any CPU.ActiveCfg = Release|Any CPU
		{CF72B5B8-D67A-4A14-96EF-B0CBC741A425}.Release|Any CPU.Build.0 = Release|Any CPU
	EndGlobalSection
	GlobalSection(SolutionProperties) = preSolution
		HideSolutionNode = FALSE
	EndGlobalSection
	GlobalSection(ExtensibilityGlobals) = postSolution
		SolutionGuid = {72ECA284-1060-4CF7-A90E-9B4B9C6900D4}
	EndGlobalSection
EndGlobal
